{
  "name": "openclaw-sandbox-manager",
  "version": "1.0.0",
  "lockfileVersion": 3,
  "requires": true,
  "packages": {
    "": {
      "name": "openclaw-sandbox-manager",
      "version": "1.0.0",
      "license": "MIT",
      "bin": {
        "sandbox-manager": "scripts/sandbox-manager.js"
      }
    }
  }
}
